
Microsoft Visual Studio Solution File, Format Version 12.00
# Visual Studio Version 17
VisualStudioVersion = 17.9.34622.214
MinimumVisualStudioVersion = 10.0.40219.1
Project("{FAE04EC0-301F-11D3-BF4B-00C04F79EFBC}") = "Pokemon", "Pokemon\Pokemon.csproj", "{B39A0513-5B95-4297-A9D1-B3E9B9CFBDF4}"
EndProject
Global
	GlobalSection(SolutionConfigurationPlatforms) = preSolution
		Debug|Any CPU = Debug|Any CPU
		Release|Any CPU = Release|Any CPU
	EndGlobalSection
	GlobalSection(ProjectConfigurationPlatforms) = postSolution
		{B39A0513-5B95-4297-A9D1-B3E9B9CFBDF4}.Debug|Any CPU.ActiveCfg = Debug|Any CPU
		{B39A0513-5B95-4297-A9D1-B3E9B9CFBDF4}.Debug|Any CPU.Build.0 = Debug|Any CPU
		{B39A0513-5B95-4297-A9D1-B3E9B9CFBDF4}.Release|Any CPU.ActiveCfg = Release|Any CPU
		{B39A0513-5B95-4297-A9D1-B3E9B9CFBDF4}.Release|Any CPU.Build.0 = Release|Any CPU
	EndGlobalSection
	GlobalSection(SolutionProperties) = preSolution
		HideSolutionNode = FALSE
	EndGlobalSection
	GlobalSection(ExtensibilityGlobals) = postSolution
		SolutionGuid = {741DB63C-5A8C-4BA7-B755-3E85434C9198}
	EndGlobalSection
EndGlobal
